
Microsoft Visual Studio Solution File, Format Version 12.00
# Visual Studio Version 17
VisualStudioVersion = 17.5.002.0
MinimumVisualStudioVersion = 10.0.40219.1
Project("{9A19103F-16F7-4668-BE54-9A1E7A4F7556}") = "Calculadora", "Calculadora\Calculadora.csproj", "{3F18FDC7-7839-47B2-9512-1422C9908FC4}"
EndProject
Project("{9A19103F-16F7-4668-BE54-9A1E7A4F7556}") = "Cronometro", "Cronometro\Cronometro.csproj", "{E949DC4B-9749-41DE-AE9F-2335C930A5DE}"
EndProject
Project("{9A19103F-16F7-4668-BE54-9A1E7A4F7556}") = "TextEditor", "TextEditor\TextEditor.csproj", "{6D31493A-F8C3-4DCB-8600-66C1045105C6}"
EndProject
Project("{2150E333-8FDC-42A3-9474-1A3956D46DE8}") = "Strings", "Strings", "{F88EDDCE-F8D9-49F6-A700-0B2BB77DB658}"
EndProject
Project("{9A19103F-16F7-4668-BE54-9A1E7A4F7556}") = "ComparacaoDeStrings", "Strings\ComparacaoDeStrings\ComparacaoDeStrings.csproj", "{16323E7F-07E5-4E2F-B68B-37A696C3F5A2}"
EndProject
Project("{9A19103F-16F7-4668-BE54-9A1E7A4F7556}") = "Guide", "Strings\Guide\Guide.csproj", "{C94753FF-EBA8-4215-9927-15774A74BB0A}"
EndProject
Project("{9A19103F-16F7-4668-BE54-9A1E7A4F7556}") = "Indices", "Strings\Indices\Indices.csproj", "{E7ABDF8A-E9E8-4D6C-B338-545B11AAAD7F}"
EndProject
Project("{9A19103F-16F7-4668-BE54-9A1E7A4F7556}") = "InterpolacaoDeString", "Strings\InterpolacaoDeString\InterpolacaoDeString.csproj", "{6B895066-B73C-439E-8901-D751901F548A}"
EndProject
Project("{FAE04EC0-301F-11D3-BF4B-00C04F79EFBC}") = "EditorHtml", "EditorHtml\EditorHtml.csproj", "{BBC2705A-615A-467D-97EA-39286AD4AA80}"
EndProject
Global
	GlobalSection(SolutionConfigurationPlatforms) = preSolution
		Debug|Any CPU = Debug|Any CPU
		Release|Any CPU = Release|Any CPU
	EndGlobalSection
	GlobalSection(ProjectConfigurationPlatforms) = postSolution
		{3F18FDC7-7839-47B2-9512-1422C9908FC4}.Debug|Any CPU.ActiveCfg = Debug|Any CPU
		{3F18FDC7-7839-47B2-9512-1422C9908FC4}.Debug|Any CPU.Build.0 = Debug|Any CPU
		{3F18FDC7-7839-47B2-9512-1422C9908FC4}.Release|Any CPU.ActiveCfg = Release|Any CPU
		{3F18FDC7-7839-47B2-9512-1422C9908FC4}.Release|Any CPU.Build.0 = Release|Any CPU
		{E949DC4B-9749-41DE-AE9F-2335C930A5DE}.Debug|Any CPU.ActiveCfg = Debug|Any CPU
		{E949DC4B-9749-41DE-AE9F-2335C930A5DE}.Debug|Any CPU.Build.0 = Debug|Any CPU
		{E949DC4B-9749-41DE-AE9F-2335C930A5DE}.Release|Any CPU.ActiveCfg = Release|Any CPU
		{E949DC4B-9749-41DE-AE9F-2335C930A5DE}.Release|Any CPU.Build.0 = Release|Any CPU
		{6D31493A-F8C3-4DCB-8600-66C1045105C6}.Debug|Any CPU.ActiveCfg = Debug|Any CPU
		{6D31493A-F8C3-4DCB-8600-66C1045105C6}.Debug|Any CPU.Build.0 = Debug|Any CPU
		{6D31493A-F8C3-4DCB-8600-66C1045105C6}.Release|Any CPU.ActiveCfg = Release|Any CPU
		{6D31493A-F8C3-4DCB-8600-66C1045105C6}.Release|Any CPU.Build.0 = Release|Any CPU
		{16323E7F-07E5-4E2F-B68B-37A696C3F5A2}.Debug|Any CPU.ActiveCfg = Debug|Any CPU
		{16323E7F-07E5-4E2F-B68B-37A696C3F5A2}.Debug|Any CPU.Build.0 = Debug|Any CPU
		{16323E7F-07E5-4E2F-B68B-37A696C3F5A2}.Release|Any CPU.ActiveCfg = Release|Any CPU
		{16323E7F-07E5-4E2F-B68B-37A696C3F5A2}.Release|Any CPU.Build.0 = Release|Any CPU
		{C94753FF-EBA8-4215-9927-15774A74BB0A}.Debug|Any CPU.ActiveCfg = Debug|Any CPU
		{C94753FF-EBA8-4215-9927-15774A74BB0A}.Debug|Any CPU.Build.0 = Debug|Any CPU
		{C94753FF-EBA8-4215-9927-15774A74BB0A}.Release|Any CPU.ActiveCfg = Release|Any CPU
		{C94753FF-EBA8-4215-9927-15774A74BB0A}.Release|Any CPU.Build.0 = Release|Any CPU
		{E7ABDF8A-E9E8-4D6C-B338-545B11AAAD7F}.Debug|Any CPU.ActiveCfg = Debug|Any CPU
		{E7ABDF8A-E9E8-4D6C-B338-545B11AAAD7F}.Debug|Any CPU.Build.0 = Debug|Any CPU
		{E7ABDF8A-E9E8-4D6C-B338-545B11AAAD7F}.Release|Any CPU.ActiveCfg = Release|Any CPU
		{E7ABDF8A-E9E8-4D6C-B338-545B11AAAD7F}.Release|Any CPU.Build.0 = Release|Any CPU
		{6B895066-B73C-439E-8901-D751901F548A}.Debug|Any CPU.ActiveCfg = Debug|Any CPU
		{6B895066-B73C-439E-8901-D751901F548A}.Debug|Any CPU.Build.0 = Debug|Any CPU
		{6B895066-B73C-439E-8901-D751901F548A}.Release|Any CPU.ActiveCfg = Release|Any CPU
		{6B895066-B73C-439E-8901-D751901F548A}.Release|Any CPU.Build.0 = Release|Any CPU
		{BBC2705A-615A-467D-97EA-39286AD4AA80}.Debug|Any CPU.ActiveCfg = Debug|Any CPU
		{BBC2705A-615A-467D-97EA-39286AD4AA80}.Debug|Any CPU.Build.0 = Debug|Any CPU
		{BBC2705A-615A-467D-97EA-39286AD4AA80}.Release|Any CPU.ActiveCfg = Release|Any CPU
		{BBC2705A-615A-467D-97EA-39286AD4AA80}.Release|Any CPU.Build.0 = Release|Any CPU
	EndGlobalSection
	GlobalSection(SolutionProperties) = preSolution
		HideSolutionNode = FALSE
	EndGlobalSection
	GlobalSection(NestedProjects) = preSolution
		{16323E7F-07E5-4E2F-B68B-37A696C3F5A2} = {F88EDDCE-F8D9-49F6-A700-0B2BB77DB658}
		{C94753FF-EBA8-4215-9927-15774A74BB0A} = {F88EDDCE-F8D9-49F6-A700-0B2BB77DB658}
		{E7ABDF8A-E9E8-4D6C-B338-545B11AAAD7F} = {F88EDDCE-F8D9-49F6-A700-0B2BB77DB658}
		{6B895066-B73C-439E-8901-D751901F548A} = {F88EDDCE-F8D9-49F6-A700-0B2BB77DB658}
	EndGlobalSection
	GlobalSection(ExtensibilityGlobals) = postSolution
		SolutionGuid = {5AB8D56C-066F-4251-87A3-D24934A3DEAD}
	EndGlobalSection
EndGlobal
